<Solution>
  <Folder Name="/src/">
    <Project Path="src/DocuMind.Api/DocuMind.Api.csproj" />
    <Project Path="src/DocuMind.Core/DocuMind.Core.csproj" />
    <Project Path="src/DocuMind.Domain/DocuMind.Domain.csproj" />
    <Project Path="src/DocuMind.Infrastructure/DocuMind.Infrastructure.csproj" />
    <Project Path="src/DocuMind.Web/DocuMind.Web.csproj" />
  </Folder>
  <Folder Name="/tests/">
    <Project Path="tests/DocuMind.Tests/DocuMind.Tests.csproj" />
  </Folder>
</Solution>
